
Microsoft Visual Studio Solution File, Format Version 12.00
# Visual Studio 15
VisualStudioVersion = 15.0.28307.102
MinimumVisualStudioVersion = 10.0.40219.1
Project("{FAE04EC0-301F-11D3-BF4B-00C04F79EFBC}") = "Scoala4", "Scoala4\Scoala4.csproj", "{E2DC7C7B-CE32-4970-B81D-5D01E59532A5}"
EndProject
Global
	GlobalSection(SolutionConfigurationPlatforms) = preSolution
		Debug|Any CPU = Debug|Any CPU
		Release|Any CPU = Release|Any CPU
	EndGlobalSection
	GlobalSection(ProjectConfigurationPlatforms) = postSolution
		{E2DC7C7B-CE32-4970-B81D-5D01E59532A5}.Debug|Any CPU.ActiveCfg = Debug|Any CPU
		{E2DC7C7B-CE32-4970-B81D-5D01E59532A5}.Debug|Any CPU.Build.0 = Debug|Any CPU
		{E2DC7C7B-CE32-4970-B81D-5D01E59532A5}.Release|Any CPU.ActiveCfg = Release|Any CPU
		{E2DC7C7B-CE32-4970-B81D-5D01E59532A5}.Release|Any CPU.Build.0 = Release|Any CPU
	EndGlobalSection
	GlobalSection(SolutionProperties) = preSolution
		HideSolutionNode = FALSE
	EndGlobalSection
	GlobalSection(ExtensibilityGlobals) = postSolution
		SolutionGuid = {458CDB26-6464-48B4-B999-D42B04822E3A}
	EndGlobalSection
EndGlobal
